// !$*UTF8*$!
{
	archiveVersion = 1;
	classes = {
	};
	objectVersion = 46;
	objects = {

/* Begin PBXBuildFile section */
		3407CB9A1A56FA9200669A24 /* IBFinder.cpp in Sources */ = {isa = PBXBuildFile; fileRef = 3407CB981A56FA9200669A24 /* IBFinder.cpp */; };
		3407CB9D1A56FB6300669A24 /* Grounder.cpp in Sources */ = {isa = PBXBuildFile; fileRef = 3407CB9B1A56FB6300669A24 /* Grounder.cpp */; };
		3407CBA21A56FDBD00669A24 /* YapData.cpp in Sources */ = {isa = PBXBuildFile; fileRef = 3407CBA01A56FDBD00669A24 /* YapData.cpp */; };
		34160EF61AB829B30095C1A7 /* TestCircuit.cpp in Sources */ = {isa = PBXBuildFile; fileRef = 34160EF51AB829B30095C1A7 /* TestCircuit.cpp */; };
		34160EFA1AB829FE0095C1A7 /* GdlFactory.cpp in Sources */ = {isa = PBXBuildFile; fileRef = DF9651AB18192BA400CB1A5F /* GdlFactory.cpp */; };
		34160EFB1AB829FE0095C1A7 /* SimpleTerm.cpp in Sources */ = {isa = PBXBuildFile; fileRef = 345BCA561A1B6BA9006D9BBB /* SimpleTerm.cpp */; };
		34160EFC1AB829FE0095C1A7 /* Term.cpp in Sources */ = {isa = PBXBuildFile; fileRef = 345BCA581A1B8116006D9BBB /* Term.cpp */; };
		34160EFD1AB829FE0095C1A7 /* IBFinder.cpp in Sources */ = {isa = PBXBuildFile; fileRef = 3407CB981A56FA9200669A24 /* IBFinder.cpp */; };
		34160EFE1AB829FE0095C1A7 /* Grounder.cpp in Sources */ = {isa = PBXBuildFile; fileRef = 3407CB9B1A56FB6300669A24 /* Grounder.cpp */; };
		34160EFF1AB829FE0095C1A7 /* GdlTools.cpp in Sources */ = {isa = PBXBuildFile; fileRef = 344E86571A20956600B7FDF1 /* GdlTools.cpp */; };
		34160F001AB829FE0095C1A7 /* YapTranslator.cpp in Sources */ = {isa = PBXBuildFile; fileRef = DF4DF6091833D2E300A43811 /* YapTranslator.cpp */; };
		34160F011AB829FE0095C1A7 /* YapData.cpp in Sources */ = {isa = PBXBuildFile; fileRef = 3407CBA01A56FDBD00669A24 /* YapData.cpp */; };
		34160F021AB829FE0095C1A7 /* Gate.cpp in Sources */ = {isa = PBXBuildFile; fileRef = 34E2CAB71A2C996900343F2E /* Gate.cpp */; };
		34160F031AB829FE0095C1A7 /* GateFactory.cpp in Sources */ = {isa = PBXBuildFile; fileRef = 34E2CABA1A2C9F2B00343F2E /* GateFactory.cpp */; };
		34160F041AB829FE0095C1A7 /* Propnet.cpp in Sources */ = {isa = PBXBuildFile; fileRef = 34E2D3181A2CCD3C00343F2E /* Propnet.cpp */; };
		34160F0D1AB831120095C1A7 /* PropnetReasoner.cpp in Sources */ = {isa = PBXBuildFile; fileRef = 34160F0B1AB831120095C1A7 /* PropnetReasoner.cpp */; };
		34160F151AB83CAE0095C1A7 /* TestGame.cpp in Sources */ = {isa = PBXBuildFile; fileRef = 34160F141AB83CAE0095C1A7 /* TestGame.cpp */; };
		34160F191AB83D640095C1A7 /* GdlFactory.cpp in Sources */ = {isa = PBXBuildFile; fileRef = DF9651AB18192BA400CB1A5F /* GdlFactory.cpp */; };
		34160F1A1AB83D640095C1A7 /* SimpleTerm.cpp in Sources */ = {isa = PBXBuildFile; fileRef = 345BCA561A1B6BA9006D9BBB /* SimpleTerm.cpp */; };
		34160F1B1AB83D640095C1A7 /* Term.cpp in Sources */ = {isa = PBXBuildFile; fileRef = 345BCA581A1B8116006D9BBB /* Term.cpp */; };
		34160F1C1AB83D640095C1A7 /* IBFinder.cpp in Sources */ = {isa = PBXBuildFile; fileRef = 3407CB981A56FA9200669A24 /* IBFinder.cpp */; };
		34160F1D1AB83D640095C1A7 /* Grounder.cpp in Sources */ = {isa = PBXBuildFile; fileRef = 3407CB9B1A56FB6300669A24 /* Grounder.cpp */; };
		34160F1E1AB83D640095C1A7 /* GdlTools.cpp in Sources */ = {isa = PBXBuildFile; fileRef = 344E86571A20956600B7FDF1 /* GdlTools.cpp */; };
		34160F1F1AB83D640095C1A7 /* YapTranslator.cpp in Sources */ = {isa = PBXBuildFile; fileRef = DF4DF6091833D2E300A43811 /* YapTranslator.cpp */; };
		34160F201AB83D640095C1A7 /* YapData.cpp in Sources */ = {isa = PBXBuildFile; fileRef = 3407CBA01A56FDBD00669A24 /* YapData.cpp */; };
		34160F211AB83D640095C1A7 /* Gate.cpp in Sources */ = {isa = PBXBuildFile; fileRef = 34E2CAB71A2C996900343F2E /* Gate.cpp */; };
		34160F221AB83D640095C1A7 /* GateFactory.cpp in Sources */ = {isa = PBXBuildFile; fileRef = 34E2CABA1A2C9F2B00343F2E /* GateFactory.cpp */; };
		34160F231AB83D640095C1A7 /* Propnet.cpp in Sources */ = {isa = PBXBuildFile; fileRef = 34E2D3181A2CCD3C00343F2E /* Propnet.cpp */; };
		34160F251AB83D640095C1A7 /* PropnetReasoner.cpp in Sources */ = {isa = PBXBuildFile; fileRef = 34160F0B1AB831120095C1A7 /* PropnetReasoner.cpp */; };
		343EC2441B01F48000A46888 /* TestMatch.cpp in Sources */ = {isa = PBXBuildFile; fileRef = 343EC2431B01F48000A46888 /* TestMatch.cpp */; };
		343EC2481B01F4BA00A46888 /* GdlFactory.cpp in Sources */ = {isa = PBXBuildFile; fileRef = DF9651AB18192BA400CB1A5F /* GdlFactory.cpp */; };
		343EC2491B01F4BA00A46888 /* SimpleTerm.cpp in Sources */ = {isa = PBXBuildFile; fileRef = 345BCA561A1B6BA9006D9BBB /* SimpleTerm.cpp */; };
		343EC24A1B01F4BA00A46888 /* Term.cpp in Sources */ = {isa = PBXBuildFile; fileRef = 345BCA581A1B8116006D9BBB /* Term.cpp */; };
		343EC24B1B01F4BA00A46888 /* IBFinder.cpp in Sources */ = {isa = PBXBuildFile; fileRef = 3407CB981A56FA9200669A24 /* IBFinder.cpp */; };
		343EC24C1B01F4BA00A46888 /* Grounder.cpp in Sources */ = {isa = PBXBuildFile; fileRef = 3407CB9B1A56FB6300669A24 /* Grounder.cpp */; };
		343EC24D1B01F4BA00A46888 /* GdlTools.cpp in Sources */ = {isa = PBXBuildFile; fileRef = 344E86571A20956600B7FDF1 /* GdlTools.cpp */; };
		343EC24E1B01F4BA00A46888 /* YapTranslator.cpp in Sources */ = {isa = PBXBuildFile; fileRef = DF4DF6091833D2E300A43811 /* YapTranslator.cpp */; };
		343EC24F1B01F4BA00A46888 /* YapData.cpp in Sources */ = {isa = PBXBuildFile; fileRef = 3407CBA01A56FDBD00669A24 /* YapData.cpp */; };
		343EC2501B01F4BA00A46888 /* GateFactory.cpp in Sources */ = {isa = PBXBuildFile; fileRef = 34E2CABA1A2C9F2B00343F2E /* GateFactory.cpp */; };
		343EC2511B01F4BA00A46888 /* Propnet.cpp in Sources */ = {isa = PBXBuildFile; fileRef = 34E2D3181A2CCD3C00343F2E /* Propnet.cpp */; };
		343EC2521B01F4BA00A46888 /* Gate.cpp in Sources */ = {isa = PBXBuildFile; fileRef = 34E2CAB71A2C996900343F2E /* Gate.cpp */; };
		343EC2531B01F4BA00A46888 /* Circuit.cpp in Sources */ = {isa = PBXBuildFile; fileRef = 3443C6021AC5D54300EADC44 /* Circuit.cpp */; };
		343EC2541B01F4BA00A46888 /* PropnetReasoner.cpp in Sources */ = {isa = PBXBuildFile; fileRef = 34160F0B1AB831120095C1A7 /* PropnetReasoner.cpp */; };
		343EC2551B01F4BA00A46888 /* Game.cpp in Sources */ = {isa = PBXBuildFile; fileRef = 343EFB091AFB54630008CF80 /* Game.cpp */; };
		343EC2561B01F4BA00A46888 /* Player.cpp in Sources */ = {isa = PBXBuildFile; fileRef = 343EC23A1B01F26500A46888 /* Player.cpp */; };
		343EC2581B01F6D000A46888 /* libboost_thread-mt.a in Frameworks */ = {isa = PBXBuildFile; fileRef = 343EC2571B01F6D000A46888 /* libboost_thread-mt.a */; };
		343EC25A1B01F81D00A46888 /* libYap++.a in Frameworks */ = {isa = PBXBuildFile; fileRef = 343EC2591B01F81D00A46888 /* libYap++.a */; };
		343EC25B1B01F82F00A46888 /* libYap++.a in Frameworks */ = {isa = PBXBuildFile; fileRef = 343EC2591B01F81D00A46888 /* libYap++.a */; };
		343EC25C1B01F83500A46888 /* libYap++.a in Frameworks */ = {isa = PBXBuildFile; fileRef = 343EC2591B01F81D00A46888 /* libYap++.a */; };
		343EC25D1B01F83900A46888 /* libYap++.a in Frameworks */ = {isa = PBXBuildFile; fileRef = 343EC2591B01F81D00A46888 /* libYap++.a */; };
		343EC25F1B01FAF000A46888 /* libboost_system-mt.a in Frameworks */ = {isa = PBXBuildFile; fileRef = 343EC25E1B01FAF000A46888 /* libboost_system-mt.a */; };
		343EC2621B02401700A46888 /* UctPlayer.cpp in Sources */ = {isa = PBXBuildFile; fileRef = 343EC2601B02401700A46888 /* UctPlayer.cpp */; };
		343EC2651B04EC0C00A46888 /* Match.cpp in Sources */ = {isa = PBXBuildFile; fileRef = 343EC2631B04EC0C00A46888 /* Match.cpp */; };
		343EC2681B0511CD00A46888 /* RandPlayer.cpp in Sources */ = {isa = PBXBuildFile; fileRef = 343EC2661B0511CD00A46888 /* RandPlayer.cpp */; };
		343EFB0B1AFB54630008CF80 /* Game.cpp in Sources */ = {isa = PBXBuildFile; fileRef = 343EFB091AFB54630008CF80 /* Game.cpp */; };
		343EFB0C1AFB54630008CF80 /* Game.cpp in Sources */ = {isa = PBXBuildFile; fileRef = 343EFB091AFB54630008CF80 /* Game.cpp */; };
		3443C60F1AC5E71D00EADC44 /* Circuit.cpp in Sources */ = {isa = PBXBuildFile; fileRef = 3443C6021AC5D54300EADC44 /* Circuit.cpp */; };
		3443C6101AC5E78100EADC44 /* Circuit.cpp in Sources */ = {isa = PBXBuildFile; fileRef = 3443C6021AC5D54300EADC44 /* Circuit.cpp */; };
		3443C6111AC5E79900EADC44 /* Circuit.cpp in Sources */ = {isa = PBXBuildFile; fileRef = 3443C6021AC5D54300EADC44 /* Circuit.cpp */; };
		3443C6121AC5E82900EADC44 /* Gate.cpp in Sources */ = {isa = PBXBuildFile; fileRef = 34E2CAB71A2C996900343F2E /* Gate.cpp */; };
		344E86591A20956600B7FDF1 /* GdlTools.cpp in Sources */ = {isa = PBXBuildFile; fileRef = 344E86571A20956600B7FDF1 /* GdlTools.cpp */; };
		345BCA571A1B6BA9006D9BBB /* SimpleTerm.cpp in Sources */ = {isa = PBXBuildFile; fileRef = 345BCA561A1B6BA9006D9BBB /* SimpleTerm.cpp */; };
		345BCA5A1A1B8116006D9BBB /* Term.cpp in Sources */ = {isa = PBXBuildFile; fileRef = 345BCA581A1B8116006D9BBB /* Term.cpp */; };
		347A4EBA1D0EA17300C76DF0 /* Splitter6.cpp in Sources */ = {isa = PBXBuildFile; fileRef = 347A4EB81D0EA17300C76DF0 /* Splitter6.cpp */; };
		34DBE24B1A1BAC9600D6F1F7 /* YapTranslator.cpp in Sources */ = {isa = PBXBuildFile; fileRef = DF4DF6091833D2E300A43811 /* YapTranslator.cpp */; };
		34E2CABC1A2C9F2B00343F2E /* GateFactory.cpp in Sources */ = {isa = PBXBuildFile; fileRef = 34E2CABA1A2C9F2B00343F2E /* GateFactory.cpp */; };
		34E2D31A1A2CCD3C00343F2E /* Propnet.cpp in Sources */ = {isa = PBXBuildFile; fileRef = 34E2D3181A2CCD3C00343F2E /* Propnet.cpp */; };
		A40582732069402200BAF367 /* UctSinglePlayerDecomp.cpp in Sources */ = {isa = PBXBuildFile; fileRef = A40582722069402200BAF367 /* UctSinglePlayerDecomp.cpp */; };
		A4661CDC226327B10020C3EA /* UctSinglePlayer.cpp in Sources */ = {isa = PBXBuildFile; fileRef = A4661CD8226230EA0020C3EA /* UctSinglePlayer.cpp */; };
		A4661CDD22632C760020C3EA /* UctSinglePlayer2.cpp in Sources */ = {isa = PBXBuildFile; fileRef = A4EAEEF820430F07006DF26B /* UctSinglePlayer2.cpp */; };
		DF9651A01819088B00CB1A5F /* main.cpp in Sources */ = {isa = PBXBuildFile; fileRef = DF96519F1819088B00CB1A5F /* main.cpp */; };
		DF9651AD18192BA400CB1A5F /* GdlFactory.cpp in Sources */ = {isa = PBXBuildFile; fileRef = DF9651AB18192BA400CB1A5F /* GdlFactory.cpp */; };
/* End PBXBuildFile section */

/* Begin PBXCopyFilesBuildPhase section */
		34160EF11AB829B30095C1A7 /* CopyFiles */ = {
			isa = PBXCopyFilesBuildPhase;
			buildActionMask = 2147483647;
			dstPath = /usr/share/man/man1/;
			dstSubfolderSpec = 0;
			files = (
			);
			runOnlyForDeploymentPostprocessing = 1;
		};
		34160F101AB83CAE0095C1A7 /* CopyFiles */ = {
			isa = PBXCopyFilesBuildPhase;
			buildActionMask = 2147483647;
			dstPath = /usr/share/man/man1/;
			dstSubfolderSpec = 0;
			files = (
			);
			runOnlyForDeploymentPostprocessing = 1;
		};
		343EC23F1B01F48000A46888 /* CopyFiles */ = {
			isa = PBXCopyFilesBuildPhase;
			buildActionMask = 2147483647;
			dstPath = /usr/share/man/man1/;
			dstSubfolderSpec = 0;
			files = (
			);
			runOnlyForDeploymentPostprocessing = 1;
		};
		DF96519A1819088B00CB1A5F /* CopyFiles */ = {
			isa = PBXCopyFilesBuildPhase;
			buildActionMask = 2147483647;
			dstPath = /usr/share/man/man1/;
			dstSubfolderSpec = 0;
			files = (
			);
			runOnlyForDeploymentPostprocessing = 1;
		};
/* End PBXCopyFilesBuildPhase section */

/* Begin PBXFileReference section */
		3407CB981A56FA9200669A24 /* IBFinder.cpp */ = {isa = PBXFileReference; fileEncoding = 4; lastKnownFileType = sourcecode.cpp.cpp; path = IBFinder.cpp; sourceTree = "<group>"; };
		3407CB991A56FA9200669A24 /* IBFinder.h */ = {isa = PBXFileReference; fileEncoding = 4; lastKnownFileType = sourcecode.c.h; path = IBFinder.h; sourceTree = "<group>"; };
		3407CB9B1A56FB6300669A24 /* Grounder.cpp */ = {isa = PBXFileReference; fileEncoding = 4; lastKnownFileType = sourcecode.cpp.cpp; path = Grounder.cpp; sourceTree = "<group>"; };
		3407CB9C1A56FB6300669A24 /* Grounder.h */ = {isa = PBXFileReference; fileEncoding = 4; lastKnownFileType = sourcecode.c.h; path = Grounder.h; sourceTree = "<group>"; };
		3407CBA01A56FDBD00669A24 /* YapData.cpp */ = {isa = PBXFileReference; fileEncoding = 4; lastKnownFileType = sourcecode.cpp.cpp; path = YapData.cpp; sourceTree = "<group>"; };
		3407CBA11A56FDBD00669A24 /* YapData.h */ = {isa = PBXFileReference; fileEncoding = 4; lastKnownFileType = sourcecode.c.h; path = YapData.h; sourceTree = "<group>"; };
		34160EF31AB829B30095C1A7 /* TestCircuit */ = {isa = PBXFileReference; explicitFileType = "compiled.mach-o.executable"; includeInIndex = 0; path = TestCircuit; sourceTree = BUILT_PRODUCTS_DIR; };
		34160EF51AB829B30095C1A7 /* TestCircuit.cpp */ = {isa = PBXFileReference; lastKnownFileType = sourcecode.cpp.cpp; name = TestCircuit.cpp; path = ../TestCircuit/TestCircuit.cpp; sourceTree = "<group>"; };
		34160F0A1AB82EEE0095C1A7 /* Reasoner.h */ = {isa = PBXFileReference; fileEncoding = 4; lastKnownFileType = sourcecode.c.h; path = Reasoner.h; sourceTree = "<group>"; };
		34160F0B1AB831120095C1A7 /* PropnetReasoner.cpp */ = {isa = PBXFileReference; fileEncoding = 4; lastKnownFileType = sourcecode.cpp.cpp; path = PropnetReasoner.cpp; sourceTree = "<group>"; };
		34160F0C1AB831120095C1A7 /* PropnetReasoner.h */ = {isa = PBXFileReference; fileEncoding = 4; lastKnownFileType = sourcecode.c.h; path = PropnetReasoner.h; sourceTree = "<group>"; };
		34160F121AB83CAE0095C1A7 /* TestGame */ = {isa = PBXFileReference; explicitFileType = "compiled.mach-o.executable"; includeInIndex = 0; path = TestGame; sourceTree = BUILT_PRODUCTS_DIR; };
		34160F141AB83CAE0095C1A7 /* TestGame.cpp */ = {isa = PBXFileReference; lastKnownFileType = sourcecode.cpp.cpp; name = TestGame.cpp; path = ../TestGame/TestGame.cpp; sourceTree = "<group>"; };
		34178D7F1A2B372A008D391A /* Grounder.pred */ = {isa = PBXFileReference; fileEncoding = 4; lastKnownFileType = text; path = Grounder.pred; sourceTree = "<group>"; xcLanguageSpecificationIdentifier = xcode.lang.c; };
		343EC23A1B01F26500A46888 /* Player.cpp */ = {isa = PBXFileReference; fileEncoding = 4; lastKnownFileType = sourcecode.cpp.cpp; path = Player.cpp; sourceTree = "<group>"; };
		343EC23B1B01F26500A46888 /* Player.h */ = {isa = PBXFileReference; fileEncoding = 4; lastKnownFileType = sourcecode.c.h; path = Player.h; sourceTree = "<group>"; };
		343EC2411B01F48000A46888 /* TestMatch */ = {isa = PBXFileReference; explicitFileType = "compiled.mach-o.executable"; includeInIndex = 0; path = TestMatch; sourceTree = BUILT_PRODUCTS_DIR; };
		343EC2431B01F48000A46888 /* TestMatch.cpp */ = {isa = PBXFileReference; lastKnownFileType = sourcecode.cpp.cpp; name = TestMatch.cpp; path = ../TestPlayer/TestMatch.cpp; sourceTree = "<group>"; };
		343EC2571B01F6D000A46888 /* libboost_thread-mt.a */ = {isa = PBXFileReference; lastKnownFileType = archive.ar; name = "libboost_thread-mt.a"; path = "../../../../../opt/local/lib/libboost_thread-mt.a"; sourceTree = "<group>"; };
		343EC2591B01F81D00A46888 /* libYap++.a */ = {isa = PBXFileReference; lastKnownFileType = archive.ar; name = "libYap++.a"; path = "../../../Library/Developer/Xcode/DerivedData/playerGGP-frzbumqqdbcuikbqculumowhxvvy/Build/Products/Debug/libYap++.a"; sourceTree = "<group>"; };
		343EC25E1B01FAF000A46888 /* libboost_system-mt.a */ = {isa = PBXFileReference; lastKnownFileType = archive.ar; name = "libboost_system-mt.a"; path = "../../../../../opt/local/lib/libboost_system-mt.a"; sourceTree = "<group>"; };
		343EC2601B02401700A46888 /* UctPlayer.cpp */ = {isa = PBXFileReference; fileEncoding = 4; lastKnownFileType = sourcecode.cpp.cpp; path = UctPlayer.cpp; sourceTree = "<group>"; };
		343EC2611B02401700A46888 /* UctPlayer.h */ = {isa = PBXFileReference; fileEncoding = 4; lastKnownFileType = sourcecode.c.h; path = UctPlayer.h; sourceTree = "<group>"; };
		343EC2631B04EC0C00A46888 /* Match.cpp */ = {isa = PBXFileReference; fileEncoding = 4; lastKnownFileType = sourcecode.cpp.cpp; path = Match.cpp; sourceTree = "<group>"; };
		343EC2641B04EC0C00A46888 /* Match.h */ = {isa = PBXFileReference; fileEncoding = 4; lastKnownFileType = sourcecode.c.h; path = Match.h; sourceTree = "<group>"; };
		343EC2661B0511CD00A46888 /* RandPlayer.cpp */ = {isa = PBXFileReference; fileEncoding = 4; lastKnownFileType = sourcecode.cpp.cpp; path = RandPlayer.cpp; sourceTree = "<group>"; };
		343EC2671B0511CD00A46888 /* RandPlayer.h */ = {isa = PBXFileReference; fileEncoding = 4; lastKnownFileType = sourcecode.c.h; path = RandPlayer.h; sourceTree = "<group>"; };
		343EFB091AFB54630008CF80 /* Game.cpp */ = {isa = PBXFileReference; fileEncoding = 4; lastKnownFileType = sourcecode.cpp.cpp; path = Game.cpp; sourceTree = "<group>"; };
		343EFB0A1AFB54630008CF80 /* Game.h */ = {isa = PBXFileReference; fileEncoding = 4; lastKnownFileType = sourcecode.c.h; path = Game.h; sourceTree = "<group>"; };
		3443C6021AC5D54300EADC44 /* Circuit.cpp */ = {isa = PBXFileReference; fileEncoding = 4; lastKnownFileType = sourcecode.cpp.cpp; path = Circuit.cpp; sourceTree = "<group>"; };
		3443C6031AC5D54300EADC44 /* Circuit.h */ = {isa = PBXFileReference; fileEncoding = 4; lastKnownFileType = sourcecode.c.h; path = Circuit.h; sourceTree = "<group>"; };
		3446FD8C1A23588500BC0F83 /* InputBase.pred */ = {isa = PBXFileReference; fileEncoding = 4; lastKnownFileType = text; path = InputBase.pred; sourceTree = "<group>"; xcLanguageSpecificationIdentifier = xcode.lang.c; };
		344E86541A20814000B7FDF1 /* Atom.h */ = {isa = PBXFileReference; lastKnownFileType = sourcecode.c.h; path = Atom.h; sourceTree = "<group>"; };
		344E86571A20956600B7FDF1 /* GdlTools.cpp */ = {isa = PBXFileReference; fileEncoding = 4; lastKnownFileType = sourcecode.cpp.cpp; path = GdlTools.cpp; sourceTree = "<group>"; };
		344E86581A20956600B7FDF1 /* GdlTools.h */ = {isa = PBXFileReference; fileEncoding = 4; lastKnownFileType = sourcecode.c.h; path = GdlTools.h; sourceTree = "<group>"; };
		345BCA551A1B6333006D9BBB /* SimpleTerm.h */ = {isa = PBXFileReference; lastKnownFileType = sourcecode.c.h; path = SimpleTerm.h; sourceTree = "<group>"; };
		345BCA561A1B6BA9006D9BBB /* SimpleTerm.cpp */ = {isa = PBXFileReference; fileEncoding = 4; lastKnownFileType = sourcecode.cpp.cpp; path = SimpleTerm.cpp; sourceTree = "<group>"; };
		345BCA581A1B8116006D9BBB /* Term.cpp */ = {isa = PBXFileReference; fileEncoding = 4; lastKnownFileType = sourcecode.cpp.cpp; path = Term.cpp; sourceTree = "<group>"; };
		345BCA591A1B8116006D9BBB /* Term.h */ = {isa = PBXFileReference; fileEncoding = 4; lastKnownFileType = sourcecode.c.h; path = Term.h; sourceTree = "<group>"; };
		347A4EB81D0EA17300C76DF0 /* Splitter6.cpp */ = {isa = PBXFileReference; fileEncoding = 4; lastKnownFileType = sourcecode.cpp.cpp; path = Splitter6.cpp; sourceTree = "<group>"; };
		347A4EB91D0EA17300C76DF0 /* Splitter6.h */ = {isa = PBXFileReference; fileEncoding = 4; lastKnownFileType = sourcecode.c.h; path = Splitter6.h; sourceTree = "<group>"; };
		34B1DB141BE90C1B00EC4142 /* test_globals.h */ = {isa = PBXFileReference; lastKnownFileType = sourcecode.c.h; path = test_globals.h; sourceTree = "<group>"; };
		34B1DB151BE91EFE00EC4142 /* test_globals_extern.h */ = {isa = PBXFileReference; lastKnownFileType = sourcecode.c.h; path = test_globals_extern.h; sourceTree = "<group>"; };
		34E2CAB71A2C996900343F2E /* Gate.cpp */ = {isa = PBXFileReference; fileEncoding = 4; lastKnownFileType = sourcecode.cpp.cpp; path = Gate.cpp; sourceTree = "<group>"; };
		34E2CAB81A2C996900343F2E /* Gate.h */ = {isa = PBXFileReference; fileEncoding = 4; lastKnownFileType = sourcecode.c.h; path = Gate.h; sourceTree = "<group>"; };
		34E2CABA1A2C9F2B00343F2E /* GateFactory.cpp */ = {isa = PBXFileReference; fileEncoding = 4; lastKnownFileType = sourcecode.cpp.cpp; path = GateFactory.cpp; sourceTree = "<group>"; };
		34E2CABB1A2C9F2B00343F2E /* GateFactory.h */ = {isa = PBXFileReference; fileEncoding = 4; lastKnownFileType = sourcecode.c.h; path = GateFactory.h; sourceTree = "<group>"; };
		34E2D3181A2CCD3C00343F2E /* Propnet.cpp */ = {isa = PBXFileReference; fileEncoding = 4; lastKnownFileType = sourcecode.cpp.cpp; path = Propnet.cpp; sourceTree = "<group>"; };
		34E2D3191A2CCD3C00343F2E /* Propnet.h */ = {isa = PBXFileReference; fileEncoding = 4; lastKnownFileType = sourcecode.c.h; path = Propnet.h; sourceTree = "<group>"; };
		A40582712069402200BAF367 /* UctSinglePlayerDecomp.hpp */ = {isa = PBXFileReference; fileEncoding = 4; lastKnownFileType = sourcecode.cpp.h; path = UctSinglePlayerDecomp.hpp; sourceTree = "<group>"; };
		A40582722069402200BAF367 /* UctSinglePlayerDecomp.cpp */ = {isa = PBXFileReference; fileEncoding = 4; lastKnownFileType = sourcecode.cpp.cpp; path = UctSinglePlayerDecomp.cpp; sourceTree = "<group>"; };
		A4661CD8226230EA0020C3EA /* UctSinglePlayer.cpp */ = {isa = PBXFileReference; fileEncoding = 4; lastKnownFileType = sourcecode.cpp.cpp; path = UctSinglePlayer.cpp; sourceTree = "<group>"; };
		A4661CD9226230EB0020C3EA /* UctSinglePlayer.hpp */ = {isa = PBXFileReference; fileEncoding = 4; lastKnownFileType = sourcecode.cpp.h; path = UctSinglePlayer.hpp; sourceTree = "<group>"; };
		A4EAEEF820430F07006DF26B /* UctSinglePlayer2.cpp */ = {isa = PBXFileReference; lastKnownFileType = sourcecode.cpp.cpp; path = UctSinglePlayer2.cpp; sourceTree = "<group>"; };
		A4EAEEF920430F07006DF26B /* UctSinglePlayer2.hpp */ = {isa = PBXFileReference; lastKnownFileType = sourcecode.cpp.h; path = UctSinglePlayer2.hpp; sourceTree = "<group>"; };
		DF4DF6091833D2E300A43811 /* YapTranslator.cpp */ = {isa = PBXFileReference; fileEncoding = 4; lastKnownFileType = sourcecode.cpp.cpp; path = YapTranslator.cpp; sourceTree = "<group>"; };
		DF4DF60A1833D2E300A43811 /* YapTranslator.h */ = {isa = PBXFileReference; fileEncoding = 4; lastKnownFileType = sourcecode.c.h; path = YapTranslator.h; sourceTree = "<group>"; };
		DF96519C1819088B00CB1A5F /* playerGGP */ = {isa = PBXFileReference; explicitFileType = "compiled.mach-o.executable"; includeInIndex = 0; path = playerGGP; sourceTree = BUILT_PRODUCTS_DIR; };
		DF96519F1819088B00CB1A5F /* main.cpp */ = {isa = PBXFileReference; lastKnownFileType = sourcecode.cpp.cpp; path = main.cpp; sourceTree = "<group>"; };
		DF9651AB18192BA400CB1A5F /* GdlFactory.cpp */ = {isa = PBXFileReference; fileEncoding = 4; lastKnownFileType = sourcecode.cpp.cpp; path = GdlFactory.cpp; sourceTree = "<group>"; };
		DF9651AC18192BA400CB1A5F /* GdlFactory.h */ = {isa = PBXFileReference; fileEncoding = 4; lastKnownFileType = sourcecode.c.h; path = GdlFactory.h; sourceTree = "<group>"; };
/* End PBXFileReference section */

/* Begin PBXFrameworksBuildPhase section */
		34160EF01AB829B30095C1A7 /* Frameworks */ = {
			isa = PBXFrameworksBuildPhase;
			buildActionMask = 2147483647;
			files = (
				343EC25C1B01F83500A46888 /* libYap++.a in Frameworks */,
			);
			runOnlyForDeploymentPostprocessing = 0;
		};
		34160F0F1AB83CAE0095C1A7 /* Frameworks */ = {
			isa = PBXFrameworksBuildPhase;
			buildActionMask = 2147483647;
			files = (
				343EC25B1B01F82F00A46888 /* libYap++.a in Frameworks */,
			);
			runOnlyForDeploymentPostprocessing = 0;
		};
		343EC23E1B01F48000A46888 /* Frameworks */ = {
			isa = PBXFrameworksBuildPhase;
			buildActionMask = 2147483647;
			files = (
				343EC25A1B01F81D00A46888 /* libYap++.a in Frameworks */,
				343EC2581B01F6D000A46888 /* libboost_thread-mt.a in Frameworks */,
				343EC25F1B01FAF000A46888 /* libboost_system-mt.a in Frameworks */,
			);
			runOnlyForDeploymentPostprocessing = 0;
		};
		DF9651991819088B00CB1A5F /* Frameworks */ = {
			isa = PBXFrameworksBuildPhase;
			buildActionMask = 2147483647;
			files = (
				343EC25D1B01F83900A46888 /* libYap++.a in Frameworks */,
			);
			runOnlyForDeploymentPostprocessing = 0;
		};
/* End PBXFrameworksBuildPhase section */

/* Begin PBXGroup section */
		34160F081AB82C770095C1A7 /* Game */ = {
			isa = PBXGroup;
			children = (
				343EFB091AFB54630008CF80 /* Game.cpp */,
				343EFB0A1AFB54630008CF80 /* Game.h */,
			);
			name = Game;
			sourceTree = "<group>";
		};
		34160F091AB82ED00095C1A7 /* Reasoner */ = {
			isa = PBXGroup;
			children = (
				34160F0A1AB82EEE0095C1A7 /* Reasoner.h */,
				34160F0B1AB831120095C1A7 /* PropnetReasoner.cpp */,
				34160F0C1AB831120095C1A7 /* PropnetReasoner.h */,
			);
			name = Reasoner;
			sourceTree = "<group>";
		};
		343EC2391B01F20F00A46888 /* Player */ = {
			isa = PBXGroup;
			children = (
				343EC23A1B01F26500A46888 /* Player.cpp */,
				343EC23B1B01F26500A46888 /* Player.h */,
				343EC2601B02401700A46888 /* UctPlayer.cpp */,
				343EC2611B02401700A46888 /* UctPlayer.h */,
				343EC2631B04EC0C00A46888 /* Match.cpp */,
				343EC2641B04EC0C00A46888 /* Match.h */,
				343EC2661B0511CD00A46888 /* RandPlayer.cpp */,
				343EC2671B0511CD00A46888 /* RandPlayer.h */,
			);
			name = Player;
			sourceTree = "<group>";
		};
		345BCA541A1B510E006D9BBB /* Parser */ = {
			isa = PBXGroup;
			children = (
				DF9651AB18192BA400CB1A5F /* GdlFactory.cpp */,
				DF9651AC18192BA400CB1A5F /* GdlFactory.h */,
				345BCA561A1B6BA9006D9BBB /* SimpleTerm.cpp */,
				345BCA551A1B6333006D9BBB /* SimpleTerm.h */,
				345BCA581A1B8116006D9BBB /* Term.cpp */,
				345BCA591A1B8116006D9BBB /* Term.h */,
				344E86541A20814000B7FDF1 /* Atom.h */,
			);
			name = Parser;
			sourceTree = "<group>";
		};
		345BCA5B1A1B999A006D9BBB /* Grounder */ = {
			isa = PBXGroup;
			children = (
				3446FD8C1A23588500BC0F83 /* InputBase.pred */,
				34178D7F1A2B372A008D391A /* Grounder.pred */,
				3407CB991A56FA9200669A24 /* IBFinder.h */,
				3407CB981A56FA9200669A24 /* IBFinder.cpp */,
				3407CB9B1A56FB6300669A24 /* Grounder.cpp */,
				3407CB9C1A56FB6300669A24 /* Grounder.h */,
				344E86571A20956600B7FDF1 /* GdlTools.cpp */,
				344E86581A20956600B7FDF1 /* GdlTools.h */,
				DF4DF6091833D2E300A43811 /* YapTranslator.cpp */,
				DF4DF60A1833D2E300A43811 /* YapTranslator.h */,
				3407CBA01A56FDBD00669A24 /* YapData.cpp */,
				3407CBA11A56FDBD00669A24 /* YapData.h */,
			);
			name = Grounder;
			sourceTree = "<group>";
		};
		34E2CAB61A2C993900343F2E /* Propnet */ = {
			isa = PBXGroup;
			children = (
				34E2CABA1A2C9F2B00343F2E /* GateFactory.cpp */,
				34E2CABB1A2C9F2B00343F2E /* GateFactory.h */,
				34E2D3181A2CCD3C00343F2E /* Propnet.cpp */,
				34E2D3191A2CCD3C00343F2E /* Propnet.h */,
				34E2CAB71A2C996900343F2E /* Gate.cpp */,
				34E2CAB81A2C996900343F2E /* Gate.h */,
			);
			name = Propnet;
			sourceTree = "<group>";
		};
		34EA947E1A3375E70006BFB2 /* Circuit */ = {
			isa = PBXGroup;
			children = (
				3443C6021AC5D54300EADC44 /* Circuit.cpp */,
				3443C6031AC5D54300EADC44 /* Circuit.h */,
			);
			name = Circuit;
			sourceTree = "<group>";
		};
		34F1A3261A38658100A81627 /* Decomposer */ = {
			isa = PBXGroup;
			children = (
				347A4EB81D0EA17300C76DF0 /* Splitter6.cpp */,
				347A4EB91D0EA17300C76DF0 /* Splitter6.h */,
				A4661CD8226230EA0020C3EA /* UctSinglePlayer.cpp */,
				A4661CD9226230EB0020C3EA /* UctSinglePlayer.hpp */,
				A4EAEEF820430F07006DF26B /* UctSinglePlayer2.cpp */,
				A4EAEEF920430F07006DF26B /* UctSinglePlayer2.hpp */,
				A40582722069402200BAF367 /* UctSinglePlayerDecomp.cpp */,
				A40582712069402200BAF367 /* UctSinglePlayerDecomp.hpp */,
			);
			name = Decomposer;
			sourceTree = "<group>";
		};
		DF9651931819088B00CB1A5F = {
			isa = PBXGroup;
			children = (
				343EC25E1B01FAF000A46888 /* libboost_system-mt.a */,
				343EC2591B01F81D00A46888 /* libYap++.a */,
				343EC2571B01F6D000A46888 /* libboost_thread-mt.a */,
				DF96519E1819088B00CB1A5F /* playerGGP */,
				DF96519D1819088B00CB1A5F /* Products */,
			);
			sourceTree = "<group>";
		};
		DF96519D1819088B00CB1A5F /* Products */ = {
			isa = PBXGroup;
			children = (
				DF96519C1819088B00CB1A5F /* playerGGP */,
				34160EF31AB829B30095C1A7 /* TestCircuit */,
				34160F121AB83CAE0095C1A7 /* TestGame */,
				343EC2411B01F48000A46888 /* TestMatch */,
			);
			name = Products;
			sourceTree = "<group>";
		};
		DF96519E1819088B00CB1A5F /* playerGGP */ = {
			isa = PBXGroup;
			children = (
				34B1DB141BE90C1B00EC4142 /* test_globals.h */,
				34B1DB151BE91EFE00EC4142 /* test_globals_extern.h */,
				343EC2431B01F48000A46888 /* TestMatch.cpp */,
				34160F141AB83CAE0095C1A7 /* TestGame.cpp */,
				34160EF51AB829B30095C1A7 /* TestCircuit.cpp */,
				DF96519F1819088B00CB1A5F /* main.cpp */,
				345BCA541A1B510E006D9BBB /* Parser */,
				345BCA5B1A1B999A006D9BBB /* Grounder */,
				34E2CAB61A2C993900343F2E /* Propnet */,
				34EA947E1A3375E70006BFB2 /* Circuit */,
				34160F091AB82ED00095C1A7 /* Reasoner */,
				34160F081AB82C770095C1A7 /* Game */,
				343EC2391B01F20F00A46888 /* Player */,
				34F1A3261A38658100A81627 /* Decomposer */,
			);
			path = playerGGP;
			sourceTree = "<group>";
		};
/* End PBXGroup section */

/* Begin PBXNativeTarget section */
		34160EF21AB829B30095C1A7 /* TestCircuit */ = {
			isa = PBXNativeTarget;
			buildConfigurationList = 34160EF91AB829B30095C1A7 /* Build configuration list for PBXNativeTarget "TestCircuit" */;
			buildPhases = (
				34160EEF1AB829B30095C1A7 /* Sources */,
				34160EF01AB829B30095C1A7 /* Frameworks */,
				34160EF11AB829B30095C1A7 /* CopyFiles */,
			);
			buildRules = (
			);
			dependencies = (
			);
			name = TestCircuit;
			productName = TestCircuit;
			productReference = 34160EF31AB829B30095C1A7 /* TestCircuit */;
			productType = "com.apple.product-type.tool";
		};
		34160F111AB83CAE0095C1A7 /* TestGame */ = {
			isa = PBXNativeTarget;
			buildConfigurationList = 34160F161AB83CAE0095C1A7 /* Build configuration list for PBXNativeTarget "TestGame" */;
			buildPhases = (
				34160F0E1AB83CAE0095C1A7 /* Sources */,
				34160F0F1AB83CAE0095C1A7 /* Frameworks */,
				34160F101AB83CAE0095C1A7 /* CopyFiles */,
			);
			buildRules = (
			);
			dependencies = (
			);
			name = TestGame;
			productName = TestGame;
			productReference = 34160F121AB83CAE0095C1A7 /* TestGame */;
			productType = "com.apple.product-type.tool";
		};
		343EC2401B01F48000A46888 /* TestMatch */ = {
			isa = PBXNativeTarget;
			buildConfigurationList = 343EC2451B01F48000A46888 /* Build configuration list for PBXNativeTarget "TestMatch" */;
			buildPhases = (
				343EC23D1B01F48000A46888 /* Sources */,
				343EC23E1B01F48000A46888 /* Frameworks */,
				343EC23F1B01F48000A46888 /* CopyFiles */,
			);
			buildRules = (
			);
			dependencies = (
			);
			name = TestMatch;
			productName = TestPlayer;
			productReference = 343EC2411B01F48000A46888 /* TestMatch */;
			productType = "com.apple.product-type.tool";
		};
		DF96519B1819088B00CB1A5F /* playerGGP */ = {
			isa = PBXNativeTarget;
			buildConfigurationList = DF9651A51819088B00CB1A5F /* Build configuration list for PBXNativeTarget "playerGGP" */;
			buildPhases = (
				DF9651981819088B00CB1A5F /* Sources */,
				DF9651991819088B00CB1A5F /* Frameworks */,
				DF96519A1819088B00CB1A5F /* CopyFiles */,
			);
			buildRules = (
			);
			dependencies = (
			);
			name = playerGGP;
			productName = playerGGP;
			productReference = DF96519C1819088B00CB1A5F /* playerGGP */;
			productType = "com.apple.product-type.tool";
		};
/* End PBXNativeTarget section */

/* Begin PBXProject section */
		DF9651941819088B00CB1A5F /* Project object */ = {
			isa = PBXProject;
			attributes = {
				LastUpgradeCheck = 0940;
				ORGANIZATIONNAME = dex;
				TargetAttributes = {
					34160EF21AB829B30095C1A7 = {
						CreatedOnToolsVersion = 6.2;
					};
					34160F111AB83CAE0095C1A7 = {
						CreatedOnToolsVersion = 6.2;
					};
					343EC2401B01F48000A46888 = {
						CreatedOnToolsVersion = 6.3.1;
					};
				};
			};
			buildConfigurationList = DF9651971819088B00CB1A5F /* Build configuration list for PBXProject "playerGGP" */;
			compatibilityVersion = "Xcode 3.2";
			developmentRegion = English;
			hasScannedForEncodings = 0;
			knownRegions = (
				English,
				en,
			);
			mainGroup = DF9651931819088B00CB1A5F;
			productRefGroup = DF96519D1819088B00CB1A5F /* Products */;
			projectDirPath = "";
			projectRoot = "";
			targets = (
				DF96519B1819088B00CB1A5F /* playerGGP */,
				34160EF21AB829B30095C1A7 /* TestCircuit */,
				34160F111AB83CAE0095C1A7 /* TestGame */,
				343EC2401B01F48000A46888 /* TestMatch */,
			);
		};
/* End PBXProject section */

/* Begin PBXSourcesBuildPhase section */
		34160EEF1AB829B30095C1A7 /* Sources */ = {
			isa = PBXSourcesBuildPhase;
			buildActionMask = 2147483647;
			files = (
				3443C6101AC5E78100EADC44 /* Circuit.cpp in Sources */,
				34160EFA1AB829FE0095C1A7 /* GdlFactory.cpp in Sources */,
				34160EFB1AB829FE0095C1A7 /* SimpleTerm.cpp in Sources */,
				34160EFC1AB829FE0095C1A7 /* Term.cpp in Sources */,
				34160EFD1AB829FE0095C1A7 /* IBFinder.cpp in Sources */,
				34160EFE1AB829FE0095C1A7 /* Grounder.cpp in Sources */,
				34160EFF1AB829FE0095C1A7 /* GdlTools.cpp in Sources */,
				34160F001AB829FE0095C1A7 /* YapTranslator.cpp in Sources */,
				34160F011AB829FE0095C1A7 /* YapData.cpp in Sources */,
				34160F021AB829FE0095C1A7 /* Gate.cpp in Sources */,
				34160F031AB829FE0095C1A7 /* GateFactory.cpp in Sources */,
				34160F041AB829FE0095C1A7 /* Propnet.cpp in Sources */,
				34160EF61AB829B30095C1A7 /* TestCircuit.cpp in Sources */,
			);
			runOnlyForDeploymentPostprocessing = 0;
		};
		34160F0E1AB83CAE0095C1A7 /* Sources */ = {
			isa = PBXSourcesBuildPhase;
			buildActionMask = 2147483647;
			files = (
				3443C6111AC5E79900EADC44 /* Circuit.cpp in Sources */,
				34160F191AB83D640095C1A7 /* GdlFactory.cpp in Sources */,
				34160F1A1AB83D640095C1A7 /* SimpleTerm.cpp in Sources */,
				34160F1B1AB83D640095C1A7 /* Term.cpp in Sources */,
				34160F1C1AB83D640095C1A7 /* IBFinder.cpp in Sources */,
				34160F1D1AB83D640095C1A7 /* Grounder.cpp in Sources */,
				34160F1E1AB83D640095C1A7 /* GdlTools.cpp in Sources */,
				34160F1F1AB83D640095C1A7 /* YapTranslator.cpp in Sources */,
				34160F201AB83D640095C1A7 /* YapData.cpp in Sources */,
				343EFB0C1AFB54630008CF80 /* Game.cpp in Sources */,
				34160F211AB83D640095C1A7 /* Gate.cpp in Sources */,
				34160F221AB83D640095C1A7 /* GateFactory.cpp in Sources */,
				34160F231AB83D640095C1A7 /* Propnet.cpp in Sources */,
				34160F251AB83D640095C1A7 /* PropnetReasoner.cpp in Sources */,
				34160F151AB83CAE0095C1A7 /* TestGame.cpp in Sources */,
			);
			runOnlyForDeploymentPostprocessing = 0;
		};
		343EC23D1B01F48000A46888 /* Sources */ = {
			isa = PBXSourcesBuildPhase;
			buildActionMask = 2147483647;
			files = (
				343EC2481B01F4BA00A46888 /* GdlFactory.cpp in Sources */,
				343EC2491B01F4BA00A46888 /* SimpleTerm.cpp in Sources */,
				343EC24A1B01F4BA00A46888 /* Term.cpp in Sources */,
				343EC2621B02401700A46888 /* UctPlayer.cpp in Sources */,
				343EC24B1B01F4BA00A46888 /* IBFinder.cpp in Sources */,
				343EC24C1B01F4BA00A46888 /* Grounder.cpp in Sources */,
				343EC24D1B01F4BA00A46888 /* GdlTools.cpp in Sources */,
				343EC2651B04EC0C00A46888 /* Match.cpp in Sources */,
				343EC24E1B01F4BA00A46888 /* YapTranslator.cpp in Sources */,
				343EC2681B0511CD00A46888 /* RandPlayer.cpp in Sources */,
				343EC24F1B01F4BA00A46888 /* YapData.cpp in Sources */,
				343EC2501B01F4BA00A46888 /* GateFactory.cpp in Sources */,
				343EC2511B01F4BA00A46888 /* Propnet.cpp in Sources */,
				343EC2521B01F4BA00A46888 /* Gate.cpp in Sources */,
				343EC2531B01F4BA00A46888 /* Circuit.cpp in Sources */,
				343EC2541B01F4BA00A46888 /* PropnetReasoner.cpp in Sources */,
				343EC2551B01F4BA00A46888 /* Game.cpp in Sources */,
				343EC2561B01F4BA00A46888 /* Player.cpp in Sources */,
				343EC2441B01F48000A46888 /* TestMatch.cpp in Sources */,
			);
			runOnlyForDeploymentPostprocessing = 0;
		};
		DF9651981819088B00CB1A5F /* Sources */ = {
			isa = PBXSourcesBuildPhase;
			buildActionMask = 2147483647;
			files = (
				A4661CDD22632C760020C3EA /* UctSinglePlayer2.cpp in Sources */,
				A4661CDC226327B10020C3EA /* UctSinglePlayer.cpp in Sources */,
				347A4EBA1D0EA17300C76DF0 /* Splitter6.cpp in Sources */,
				3443C6121AC5E82900EADC44 /* Gate.cpp in Sources */,
				A40582732069402200BAF367 /* UctSinglePlayerDecomp.cpp in Sources */,
				3443C60F1AC5E71D00EADC44 /* Circuit.cpp in Sources */,
				3407CB9A1A56FA9200669A24 /* IBFinder.cpp in Sources */,
				34E2D31A1A2CCD3C00343F2E /* Propnet.cpp in Sources */,
				34E2CABC1A2C9F2B00343F2E /* GateFactory.cpp in Sources */,
				3407CBA21A56FDBD00669A24 /* YapData.cpp in Sources */,
				34DBE24B1A1BAC9600D6F1F7 /* YapTranslator.cpp in Sources */,
				345BCA571A1B6BA9006D9BBB /* SimpleTerm.cpp in Sources */,
				343EFB0B1AFB54630008CF80 /* Game.cpp in Sources */,
				345BCA5A1A1B8116006D9BBB /* Term.cpp in Sources */,
				34160F0D1AB831120095C1A7 /* PropnetReasoner.cpp in Sources */,
				DF9651AD18192BA400CB1A5F /* GdlFactory.cpp in Sources */,
				344E86591A20956600B7FDF1 /* GdlTools.cpp in Sources */,
				DF9651A01819088B00CB1A5F /* main.cpp in Sources */,
				3407CB9D1A56FB6300669A24 /* Grounder.cpp in Sources */,
			);
			runOnlyForDeploymentPostprocessing = 0;
		};
/* End PBXSourcesBuildPhase section */

/* Begin XCBuildConfiguration section */
		34160EF71AB829B30095C1A7 /* Debug */ = {
			isa = XCBuildConfiguration;
			buildSettings = {
				CLANG_ENABLE_MODULES = YES;
				CLANG_WARN_UNREACHABLE_CODE = YES;
				ENABLE_STRICT_OBJC_MSGSEND = YES;
				GCC_PREPROCESSOR_DEFINITIONS = (
					"DEBUG=1",
					"$(inherited)",
				);
				GCC_WARN_UNINITIALIZED_AUTOS = YES_AGGRESSIVE;
				HEADER_SEARCH_PATHS = (
					"$(inherited)",
					/Applications/Xcode.app/Contents/Developer/Toolchains/XcodeDefault.xctoolchain/usr/include,
					"$(BUILT_PRODUCTS_DIR)/usr/local/include",
				);
				LIBRARY_SEARCH_PATHS = (
					"$(inherited)",
					"$(USER_LIBRARY_DIR)/Developer/Xcode/DerivedData/playerGGP-arjxkbhnegyhlsbbdjxllgtdsqvp/Build/Products/Debug",
					"$(USER_LIBRARY_DIR)/Developer/Xcode/DerivedData/playerGGP-frzbumqqdbcuikbqculumowhxvvy/Build/Products/Debug",
				);
				MACOSX_DEPLOYMENT_TARGET = 10.10;
				MTL_ENABLE_DEBUG_INFO = YES;
				PRODUCT_NAME = "$(TARGET_NAME)";
			};
			name = Debug;
		};
		34160EF81AB829B30095C1A7 /* Release */ = {
			isa = XCBuildConfiguration;
			buildSettings = {
				CLANG_ENABLE_MODULES = YES;
				CLANG_WARN_UNREACHABLE_CODE = YES;
				COPY_PHASE_STRIP = NO;
				ENABLE_STRICT_OBJC_MSGSEND = YES;
				GCC_WARN_UNINITIALIZED_AUTOS = YES_AGGRESSIVE;
				HEADER_SEARCH_PATHS = (
					"$(inherited)",
					/Applications/Xcode.app/Contents/Developer/Toolchains/XcodeDefault.xctoolchain/usr/include,
					"$(BUILT_PRODUCTS_DIR)/usr/local/include",
				);
				LIBRARY_SEARCH_PATHS = (
					"$(inherited)",
					"$(USER_LIBRARY_DIR)/Developer/Xcode/DerivedData/playerGGP-arjxkbhnegyhlsbbdjxllgtdsqvp/Build/Products/Debug",
					"$(USER_LIBRARY_DIR)/Developer/Xcode/DerivedData/playerGGP-frzbumqqdbcuikbqculumowhxvvy/Build/Products/Debug",
				);
				MACOSX_DEPLOYMENT_TARGET = 10.10;
				MTL_ENABLE_DEBUG_INFO = NO;
				PRODUCT_NAME = "$(TARGET_NAME)";
			};
			name = Release;
		};
		34160F171AB83CAE0095C1A7 /* Debug */ = {
			isa = XCBuildConfiguration;
			buildSettings = {
				CLANG_ENABLE_MODULES = YES;
				CLANG_WARN_UNREACHABLE_CODE = YES;
				ENABLE_STRICT_OBJC_MSGSEND = YES;
				GCC_PREPROCESSOR_DEFINITIONS = (
					"DEBUG=1",
					"$(inherited)",
				);
				GCC_WARN_UNINITIALIZED_AUTOS = YES_AGGRESSIVE;
				HEADER_SEARCH_PATHS = (
					"$(inherited)",
					/Applications/Xcode.app/Contents/Developer/Toolchains/XcodeDefault.xctoolchain/usr/include,
					"$(BUILT_PRODUCTS_DIR)/usr/local/include",
				);
				LIBRARY_SEARCH_PATHS = (
					"$(inherited)",
					"$(USER_LIBRARY_DIR)/Developer/Xcode/DerivedData/playerGGP-arjxkbhnegyhlsbbdjxllgtdsqvp/Build/Products/Debug",
					"$(USER_LIBRARY_DIR)/Developer/Xcode/DerivedData/playerGGP-frzbumqqdbcuikbqculumowhxvvy/Build/Products/Debug",
				);
				MACOSX_DEPLOYMENT_TARGET = 10.10;
				MTL_ENABLE_DEBUG_INFO = YES;
				PRODUCT_NAME = "$(TARGET_NAME)";
			};
			name = Debug;
		};
		34160F181AB83CAE0095C1A7 /* Release */ = {
			isa = XCBuildConfiguration;
			buildSettings = {
				CLANG_ENABLE_MODULES = YES;
				CLANG_WARN_UNREACHABLE_CODE = YES;
				COPY_PHASE_STRIP = NO;
				ENABLE_STRICT_OBJC_MSGSEND = YES;
				GCC_WARN_UNINITIALIZED_AUTOS = YES_AGGRESSIVE;
				HEADER_SEARCH_PATHS = (
					"$(inherited)",
					/Applications/Xcode.app/Contents/Developer/Toolchains/XcodeDefault.xctoolchain/usr/include,
					"$(BUILT_PRODUCTS_DIR)/usr/local/include",
				);
				LIBRARY_SEARCH_PATHS = (
					"$(inherited)",
					"$(USER_LIBRARY_DIR)/Developer/Xcode/DerivedData/playerGGP-arjxkbhnegyhlsbbdjxllgtdsqvp/Build/Products/Debug",
					"$(USER_LIBRARY_DIR)/Developer/Xcode/DerivedData/playerGGP-frzbumqqdbcuikbqculumowhxvvy/Build/Products/Debug",
				);
				MACOSX_DEPLOYMENT_TARGET = 10.10;
				MTL_ENABLE_DEBUG_INFO = NO;
				PRODUCT_NAME = "$(TARGET_NAME)";
			};
			name = Release;
		};
		343EC2461B01F48000A46888 /* Debug */ = {
			isa = XCBuildConfiguration;
			buildSettings = {
				CLANG_ENABLE_MODULES = YES;
				CLANG_WARN_UNREACHABLE_CODE = YES;
				DEBUG_INFORMATION_FORMAT = dwarf;
				ENABLE_STRICT_OBJC_MSGSEND = YES;
				GCC_NO_COMMON_BLOCKS = YES;
				GCC_PREPROCESSOR_DEFINITIONS = (
					"DEBUG=1",
					"$(inherited)",
				);
				GCC_WARN_UNINITIALIZED_AUTOS = YES_AGGRESSIVE;
				HEADER_SEARCH_PATHS = (
					"$(inherited)",
					/Applications/Xcode.app/Contents/Developer/Toolchains/XcodeDefault.xctoolchain/usr/include,
					"$(BUILT_PRODUCTS_DIR)/usr/local/include",
					/opt/local/include,
				);
				LIBRARY_SEARCH_PATHS = (
					"$(inherited)",
					/opt/local/lib,
					"$(USER_LIBRARY_DIR)/Developer/Xcode/DerivedData/playerGGP-frzbumqqdbcuikbqculumowhxvvy/Build/Products/Debug",
				);
				MACOSX_DEPLOYMENT_TARGET = 10.10;
				MTL_ENABLE_DEBUG_INFO = YES;
				PRODUCT_NAME = "$(TARGET_NAME)";
			};
			name = Debug;
		};
		343EC2471B01F48000A46888 /* Release */ = {
			isa = XCBuildConfiguration;
			buildSettings = {
				CLANG_ENABLE_MODULES = YES;
				CLANG_WARN_UNREACHABLE_CODE = YES;
				COPY_PHASE_STRIP = NO;
				ENABLE_STRICT_OBJC_MSGSEND = YES;
				GCC_NO_COMMON_BLOCKS = YES;
				GCC_WARN_UNINITIALIZED_AUTOS = YES_AGGRESSIVE;
				HEADER_SEARCH_PATHS = (
					"$(inherited)",
					/Applications/Xcode.app/Contents/Developer/Toolchains/XcodeDefault.xctoolchain/usr/include,
					"$(BUILT_PRODUCTS_DIR)/usr/local/include",
					/opt/local/include,
				);
				LIBRARY_SEARCH_PATHS = (
					"$(inherited)",
					/opt/local/lib,
					"$(USER_LIBRARY_DIR)/Developer/Xcode/DerivedData/playerGGP-frzbumqqdbcuikbqculumowhxvvy/Build/Products/Debug",
				);
				MACOSX_DEPLOYMENT_TARGET = 10.10;
				MTL_ENABLE_DEBUG_INFO = NO;
				PRODUCT_NAME = "$(TARGET_NAME)";
			};
			name = Release;
		};
		DF9651A31819088B00CB1A5F /* Debug */ = {
			isa = XCBuildConfiguration;
			buildSettings = {
				ALWAYS_SEARCH_USER_PATHS = NO;
				CLANG_CXX_LANGUAGE_STANDARD = "gnu++0x";
				CLANG_CXX_LIBRARY = "libc++";
				CLANG_ENABLE_OBJC_ARC = YES;
				CLANG_WARN_BLOCK_CAPTURE_AUTORELEASING = YES;
				CLANG_WARN_BOOL_CONVERSION = YES;
				CLANG_WARN_COMMA = YES;
				CLANG_WARN_CONSTANT_CONVERSION = YES;
				CLANG_WARN_DEPRECATED_OBJC_IMPLEMENTATIONS = YES;
				CLANG_WARN_DIRECT_OBJC_ISA_USAGE = YES_ERROR;
				CLANG_WARN_EMPTY_BODY = YES;
				CLANG_WARN_ENUM_CONVERSION = YES;
				CLANG_WARN_INFINITE_RECURSION = YES;
				CLANG_WARN_INT_CONVERSION = YES;
				CLANG_WARN_NON_LITERAL_NULL_CONVERSION = YES;
				CLANG_WARN_OBJC_IMPLICIT_RETAIN_SELF = YES;
				CLANG_WARN_OBJC_LITERAL_CONVERSION = YES;
				CLANG_WARN_OBJC_ROOT_CLASS = YES_ERROR;
				CLANG_WARN_RANGE_LOOP_ANALYSIS = YES;
				CLANG_WARN_STRICT_PROTOTYPES = YES;
				CLANG_WARN_SUSPICIOUS_MOVE = YES;
				CLANG_WARN_UNREACHABLE_CODE = YES;
				CLANG_WARN__DUPLICATE_METHOD_MATCH = YES;
				COPY_PHASE_STRIP = NO;
				ENABLE_STRICT_OBJC_MSGSEND = YES;
				ENABLE_TESTABILITY = YES;
				GCC_C_LANGUAGE_STANDARD = gnu99;
				GCC_DYNAMIC_NO_PIC = NO;
				GCC_ENABLE_OBJC_EXCEPTIONS = YES;
				GCC_NO_COMMON_BLOCKS = YES;
				GCC_OPTIMIZATION_LEVEL = 0;
				GCC_PREPROCESSOR_DEFINITIONS = (
					"DEBUG=1",
					"$(inherited)",
				);
				GCC_SYMBOLS_PRIVATE_EXTERN = NO;
				GCC_WARN_64_TO_32_BIT_CONVERSION = YES;
				GCC_WARN_ABOUT_RETURN_TYPE = YES_ERROR;
				GCC_WARN_UNDECLARED_SELECTOR = YES;
				GCC_WARN_UNINITIALIZED_AUTOS = YES;
				GCC_WARN_UNUSED_FUNCTION = YES;
				GCC_WARN_UNUSED_VARIABLE = YES;
				MACOSX_DEPLOYMENT_TARGET = 10.10;
				ONLY_ACTIVE_ARCH = YES;
				SDKROOT = macosx;
			};
			name = Debug;
		};
		DF9651A41819088B00CB1A5F /* Release */ = {
			isa = XCBuildConfiguration;
			buildSettings = {
				ALWAYS_SEARCH_USER_PATHS = NO;
				CLANG_CXX_LANGUAGE_STANDARD = "gnu++0x";
				CLANG_CXX_LIBRARY = "libc++";
				CLANG_ENABLE_OBJC_ARC = YES;
				CLANG_WARN_BLOCK_CAPTURE_AUTORELEASING = YES;
				CLANG_WARN_BOOL_CONVERSION = YES;
				CLANG_WARN_COMMA = YES;
				CLANG_WARN_CONSTANT_CONVERSION = YES;
				CLANG_WARN_DEPRECATED_OBJC_IMPLEMENTATIONS = YES;
				CLANG_WARN_DIRECT_OBJC_ISA_USAGE = YES_ERROR;
				CLANG_WARN_EMPTY_BODY = YES;
				CLANG_WARN_ENUM_CONVERSION = YES;
				CLANG_WARN_INFINITE_RECURSION = YES;
				CLANG_WARN_INT_CONVERSION = YES;
				CLANG_WARN_NON_LITERAL_NULL_CONVERSION = YES;
				CLANG_WARN_OBJC_IMPLICIT_RETAIN_SELF = YES;
				CLANG_WARN_OBJC_LITERAL_CONVERSION = YES;
				CLANG_WARN_OBJC_ROOT_CLASS = YES_ERROR;
				CLANG_WARN_RANGE_LOOP_ANALYSIS = YES;
				CLANG_WARN_STRICT_PROTOTYPES = YES;
				CLANG_WARN_SUSPICIOUS_MOVE = YES;
				CLANG_WARN_UNREACHABLE_CODE = YES;
				CLANG_WARN__DUPLICATE_METHOD_MATCH = YES;
				COPY_PHASE_STRIP = YES;
				DEBUG_INFORMATION_FORMAT = "dwarf-with-dsym";
				ENABLE_NS_ASSERTIONS = NO;
				ENABLE_STRICT_OBJC_MSGSEND = YES;
				GCC_C_LANGUAGE_STANDARD = gnu99;
				GCC_ENABLE_OBJC_EXCEPTIONS = YES;
				GCC_NO_COMMON_BLOCKS = YES;
				GCC_WARN_64_TO_32_BIT_CONVERSION = YES;
				GCC_WARN_ABOUT_RETURN_TYPE = YES_ERROR;
				GCC_WARN_UNDECLARED_SELECTOR = YES;
				GCC_WARN_UNINITIALIZED_AUTOS = YES;
				GCC_WARN_UNUSED_FUNCTION = YES;
				GCC_WARN_UNUSED_VARIABLE = YES;
				MACOSX_DEPLOYMENT_TARGET = 10.10;
				SDKROOT = macosx;
			};
			name = Release;
		};
		DF9651A61819088B00CB1A5F /* Debug */ = {
			isa = XCBuildConfiguration;
			buildSettings = {
				HEADER_SEARCH_PATHS = (
					"$(BUILT_PRODUCTS_DIR)/usr/local/include",
					"$(inherited)",
					/Applications/Xcode.app/Contents/Developer/Toolchains/XcodeDefault.xctoolchain/usr/include,
				);
				LIBRARY_SEARCH_PATHS = (
					"$(inherited)",
					/opt/local/lib,
				);
				MACOSX_DEPLOYMENT_TARGET = 10.11;
				OTHER_CFLAGS = "";
				PRODUCT_NAME = "$(TARGET_NAME)";
			};
			name = Debug;
		};
		DF9651A71819088B00CB1A5F /* Release */ = {
			isa = XCBuildConfiguration;
			buildSettings = {
				HEADER_SEARCH_PATHS = (
					"$(BUILT_PRODUCTS_DIR)/usr/local/include",
					"$(inherited)",
					/Applications/Xcode.app/Contents/Developer/Toolchains/XcodeDefault.xctoolchain/usr/include,
				);
				LIBRARY_SEARCH_PATHS = (
					"$(inherited)",
					/opt/local/lib,
				);
				MACOSX_DEPLOYMENT_TARGET = 10.11;
				OTHER_CFLAGS = "";
				PRODUCT_NAME = "$(TARGET_NAME)";
			};
			name = Release;
		};
/* End XCBuildConfiguration section */

/* Begin XCConfigurationList section */
		34160EF91AB829B30095C1A7 /* Build configuration list for PBXNativeTarget "TestCircuit" */ = {
			isa = XCConfigurationList;
			buildConfigurations = (
				34160EF71AB829B30095C1A7 /* Debug */,
				34160EF81AB829B30095C1A7 /* Release */,
			);
			defaultConfigurationIsVisible = 0;
			defaultConfigurationName = Release;
		};
		34160F161AB83CAE0095C1A7 /* Build configuration list for PBXNativeTarget "TestGame" */ = {
			isa = XCConfigurationList;
			buildConfigurations = (
				34160F171AB83CAE0095C1A7 /* Debug */,
				34160F181AB83CAE0095C1A7 /* Release */,
			);
			defaultConfigurationIsVisible = 0;
			defaultConfigurationName = Release;
		};
		343EC2451B01F48000A46888 /* Build configuration list for PBXNativeTarget "TestMatch" */ = {
			isa = XCConfigurationList;
			buildConfigurations = (
				343EC2461B01F48000A46888 /* Debug */,
				343EC2471B01F48000A46888 /* Release */,
			);
			defaultConfigurationIsVisible = 0;
			defaultConfigurationName = Release;
		};
		DF9651971819088B00CB1A5F /* Build configuration list for PBXProject "playerGGP" */ = {
			isa = XCConfigurationList;
			buildConfigurations = (
				DF9651A31819088B00CB1A5F /* Debug */,
				DF9651A41819088B00CB1A5F /* Release */,
			);
			defaultConfigurationIsVisible = 0;
			defaultConfigurationName = Release;
		};
		DF9651A51819088B00CB1A5F /* Build configuration list for PBXNativeTarget "playerGGP" */ = {
			isa = XCConfigurationList;
			buildConfigurations = (
				DF9651A61819088B00CB1A5F /* Debug */,
				DF9651A71819088B00CB1A5F /* Release */,
			);
			defaultConfigurationIsVisible = 0;
			defaultConfigurationName = Release;
		};
/* End XCConfigurationList section */
	};
	rootObject = DF9651941819088B00CB1A5F /* Project object */;
}
